<?xml version="1.0" encoding="utf-8"?>
<Project ToolsVersion="4.0" xmlns="http://schemas.microsoft.com/developer/msbuild/2003">
  <ItemGroup>
    <Filter Include="Source Files">
      <UniqueIdentifier>{4FC737F1-C7A5-4376-A066-2A32D752A2FF}</UniqueIdentifier>
      <Extensions>cpp;c;cc;cxx;def;odl;idl;hpj;bat;asm;asmx</Extensions>
    </Filter>
    <Filter Include="Header Files">
      <UniqueIdentifier>{93995380-89BD-4b04-88EB-625FBE52EBFB}</UniqueIdentifier>
      <Extensions>h;hh;hpp;hxx;hm;inl;inc;ipp;xsd</Extensions>
    </Filter>
    <Filter Include="Resource Files">
      <UniqueIdentifier>{67DA6AB6-F800-4c08-8B7A-83BB121AAD01}</UniqueIdentifier>
      <Extensions>rc;ico;cur;bmp;dlg;rc2;rct;bin;rgs;gif;jpg;jpeg;jpe;resx;tiff;tif;png;wav;mfcribbon-ms</Extensions>
    </Filter>
    <Filter Include="Commands">
      <UniqueIdentifier>{62991482-55d8-4355-b9bd-8e01f240c779}</UniqueIdentifier>
    </Filter>
    <Filter Include="Commands\Headers">
      <UniqueIdentifier>{647dd479-91cc-49a1-9ff7-a67fce94af18}</UniqueIdentifier>
    </Filter>
    <Filter Include="Commands\Source">
      <UniqueIdentifier>{bbaea4e8-ce86-411e-8c34-da47de802f84}</UniqueIdentifier>
    </Filter>
    <Filter Include="Source Files\Level">
      <UniqueIdentifier>{8480ea9a-0195-459f-8038-38c3a7c9d6b2}</UniqueIdentifier>
    </Filter>
    <Filter Include="Header Files\Level">
      <UniqueIdentifier>{79b5ae11-3bab-4c30-8240-4eaec26a9586}</UniqueIdentifier>
    </Filter>
    <Filter Include="Header Files\Components">
      <UniqueIdentifier>{acb3e50f-2ad1-46f7-b52c-66cb20450aae}</UniqueIdentifier>
    </Filter>
    <Filter Include="Source Files\Components">
      <UniqueIdentifier>{fd26009f-dcd4-4f10-9af8-d52bde50787c}</UniqueIdentifier>
    </Filter>
    <Filter Include="Source Files\Gameplay">
      <UniqueIdentifier>{0586181d-16b6-4ec6-b734-85972dc17029}</UniqueIdentifier>
    </Filter>
    <Filter Include="Header Files\Gameplay">
      <UniqueIdentifier>{0289e1bd-be70-4dea-ac48-ea13c4d5484c}</UniqueIdentifier>
    </Filter>
    <Filter Include="Header Files\ObserverPatt">
      <UniqueIdentifier>{b45ff74b-7634-4ac5-b2d3-c04ddb793958}</UniqueIdentifier>
    </Filter>
    <Filter Include="Source Files\ObserverPatt">
      <UniqueIdentifier>{62735b61-d3af-4059-bae4-96e4ce3e6ef3}</UniqueIdentifier>
    </Filter>
  </ItemGroup>
  <ItemGroup>
    <ClCompile Include="main.cpp">
      <Filter>Source Files</Filter>
    </ClCompile>
    <ClCompile Include="BubbleBobbleScene.cpp">
      <Filter>Source Files</Filter>
    </ClCompile>
    <ClCompile Include="LeftCommand.cpp">
      <Filter>Commands\Source</Filter>
    </ClCompile>
    <ClCompile Include="RightCommand.cpp">
      <Filter>Commands\Source</Filter>
    </ClCompile>
    <ClCompile Include="JumpCommand.cpp">
      <Filter>Commands\Source</Filter>
    </ClCompile>
    <ClCompile Include="FireCommand.cpp">
      <Filter>Commands\Source</Filter>
    </ClCompile>
    <ClCompile Include="Block.cpp">
      <Filter>Source Files\Level</Filter>
    </ClCompile>
    <ClCompile Include="Grid.cpp">
      <Filter>Source Files\Level</Filter>
    </ClCompile>
    <ClCompile Include="Level.cpp">
      <Filter>Source Files\Level</Filter>
    </ClCompile>
    <ClCompile Include="ZenChanComponent.cpp">
      <Filter>Source Files\Components</Filter>
    </ClCompile>
    <ClCompile Include="TypeComponent.cpp">
      <Filter>Source Files\Components</Filter>
    </ClCompile>
    <ClCompile Include="MaitaComponent.cpp">
      <Filter>Source Files\Components</Filter>
    </ClCompile>
    <ClCompile Include="Bubble.cpp">
      <Filter>Source Files\Gameplay</Filter>
    </ClCompile>
    <ClCompile Include="FireBall.cpp">
      <Filter>Source Files\Gameplay</Filter>
    </ClCompile>
    <ClCompile Include="Item.cpp">
      <Filter>Source Files\Gameplay</Filter>
    </ClCompile>
    <ClCompile Include="PlayerCharacter.cpp">
      <Filter>Source Files\Gameplay</Filter>
    </ClCompile>
    <ClCompile Include="Score.cpp">
      <Filter>Source Files\Gameplay</Filter>
    </ClCompile>
    <ClCompile Include="ScoreObserver.cpp">
      <Filter>Source Files\ObserverPatt</Filter>
    </ClCompile>
  </ItemGroup>
  <ItemGroup>
    <ClInclude Include="pch.h">
      <Filter>Header Files</Filter>
    </ClInclude>
    <ClInclude Include="BubbleBobbleScene.h">
      <Filter>Header Files</Filter>
    </ClInclude>
    <ClInclude Include="LeftCommand.h">
      <Filter>Commands\Headers</Filter>
    </ClInclude>
    <ClInclude Include="RightCommand.h">
      <Filter>Commands\Headers</Filter>
    </ClInclude>
    <ClInclude Include="JumpCommand.h">
      <Filter>Commands\Headers</Filter>
    </ClInclude>
    <ClInclude Include="FireCommand.h">
      <Filter>Commands\Headers</Filter>
    </ClInclude>
    <ClInclude Include="Structs.h">
      <Filter>Header Files</Filter>
    </ClInclude>
    <ClInclude Include="Block.h">
      <Filter>Header Files\Level</Filter>
    </ClInclude>
    <ClInclude Include="Grid.h">
      <Filter>Header Files\Level</Filter>
    </ClInclude>
    <ClInclude Include="Level.h">
      <Filter>Header Files\Level</Filter>
    </ClInclude>
    <ClInclude Include="MaitaComponent.h">
      <Filter>Header Files\Components</Filter>
    </ClInclude>
    <ClInclude Include="TypeComponent.h">
      <Filter>Header Files\Components</Filter>
    </ClInclude>
    <ClInclude Include="ZenChanComponent.h">
      <Filter>Header Files\Components</Filter>
    </ClInclude>
    <ClInclude Include="Bubble.h">
      <Filter>Header Files\Gameplay</Filter>
    </ClInclude>
    <ClInclude Include="FireBall.h">
      <Filter>Header Files\Gameplay</Filter>
    </ClInclude>
    <ClInclude Include="Item.h">
      <Filter>Header Files\Gameplay</Filter>
    </ClInclude>
    <ClInclude Include="PlayerCharacter.h">
      <Filter>Header Files\Gameplay</Filter>
    </ClInclude>
    <ClInclude Include="Score.h">
      <Filter>Header Files\Gameplay</Filter>
    </ClInclude>
    <ClInclude Include="ScoreObserver.h">
      <Filter>Header Files\ObserverPatt</Filter>
    </ClInclude>
  </ItemGroup>
</Project>