<?xml version="1.0" encoding="utf-8"?>
<Project ToolsVersion="4.0" xmlns="http://schemas.microsoft.com/developer/msbuild/2003">
  <ItemGroup>
    <Filter Include="Source Files">
      <UniqueIdentifier>{4FC737F1-C7A5-4376-A066-2A32D752A2FF}</UniqueIdentifier>
      <Extensions>cpp;c;cc;cxx;def;odl;idl;hpj;bat;asm;asmx</Extensions>
    </Filter>
    <Filter Include="Header Files">
      <UniqueIdentifier>{93995380-89BD-4b04-88EB-625FBE52EBFB}</UniqueIdentifier>
      <Extensions>h;hh;hpp;hxx;hm;inl;inc;xsd</Extensions>
    </Filter>
    <Filter Include="Resource Files">
      <UniqueIdentifier>{67DA6AB6-F800-4c08-8B7A-83BB121AAD01}</UniqueIdentifier>
      <Extensions>rc;ico;cur;bmp;dlg;rc2;rct;bin;rgs;gif;jpg;jpeg;jpe;resx;tiff;tif;png;wav;mfcribbon-ms</Extensions>
    </Filter>
    <Filter Include="Header Files\Components">
      <UniqueIdentifier>{0d741bec-9495-4bd3-8b15-8a33556b13ca}</UniqueIdentifier>
    </Filter>
    <Filter Include="Header Files\Input">
      <UniqueIdentifier>{54e7c45a-d341-4e90-b6ef-979305edd785}</UniqueIdentifier>
    </Filter>
    <Filter Include="Header Files\GeneralPurp">
      <UniqueIdentifier>{aeda2771-e2f3-4a2a-9e09-51aed9695aeb}</UniqueIdentifier>
    </Filter>
    <Filter Include="Header Files\Audio">
      <UniqueIdentifier>{c0d2a50e-fb9b-4384-8384-e5f21622e888}</UniqueIdentifier>
    </Filter>
    <Filter Include="Header Files\GameObject">
      <UniqueIdentifier>{9b3369dd-57eb-46da-9c4d-5a6543bb3842}</UniqueIdentifier>
    </Filter>
    <Filter Include="Source Files\Components">
      <UniqueIdentifier>{4b8c4465-a908-4c21-8def-78d7826a8418}</UniqueIdentifier>
    </Filter>
    <Filter Include="Source Files\Input">
      <UniqueIdentifier>{e9ca73ca-8666-4413-916b-bd8f61875570}</UniqueIdentifier>
    </Filter>
    <Filter Include="Source Files\Audio">
      <UniqueIdentifier>{e08bb9c3-5e55-4842-b9cb-04072c7c03ac}</UniqueIdentifier>
    </Filter>
    <Filter Include="Source Files\GeneralPurp">
      <UniqueIdentifier>{63794571-0bcc-42aa-9d6b-e1782d6bec95}</UniqueIdentifier>
    </Filter>
    <Filter Include="Source Files\GameObject">
      <UniqueIdentifier>{8aa29990-5e04-4ff8-bded-cfeeeed24e49}</UniqueIdentifier>
    </Filter>
  </ItemGroup>
  <ItemGroup>
    <ClInclude Include="targetver.h">
      <Filter>Header Files</Filter>
    </ClInclude>
    <ClInclude Include="MiniginPCH.h">
      <Filter>Header Files</Filter>
    </ClInclude>
    <ClInclude Include="Log.h">
      <Filter>Header Files</Filter>
    </ClInclude>
    <ClInclude Include="Minigin.h">
      <Filter>Header Files</Filter>
    </ClInclude>
    <ClInclude Include="BaseComponent.h">
      <Filter>Header Files\Components</Filter>
    </ClInclude>
    <ClInclude Include="FPSComponent.h">
      <Filter>Header Files\Components</Filter>
    </ClInclude>
    <ClInclude Include="InputComponent.h">
      <Filter>Header Files\Components</Filter>
    </ClInclude>
    <ClInclude Include="TextureComponent.h">
      <Filter>Header Files\Components</Filter>
    </ClInclude>
    <ClInclude Include="StateComponent.h">
      <Filter>Header Files\Components</Filter>
    </ClInclude>
    <ClInclude Include="CollisionComponent.h">
      <Filter>Header Files\Components</Filter>
    </ClInclude>
    <ClInclude Include="BaseButton.h">
      <Filter>Header Files\Input</Filter>
    </ClInclude>
    <ClInclude Include="Commands.h">
      <Filter>Header Files\Input</Filter>
    </ClInclude>
    <ClInclude Include="ControllerButton.h">
      <Filter>Header Files\Input</Filter>
    </ClInclude>
    <ClInclude Include="KeyboardButton.h">
      <Filter>Header Files\Input</Filter>
    </ClInclude>
    <ClInclude Include="InputManager.h">
      <Filter>Header Files\Input</Filter>
    </ClInclude>
    <ClInclude Include="ReleasedCommand.h">
      <Filter>Header Files\Input</Filter>
    </ClInclude>
    <ClInclude Include="BaseState.h">
      <Filter>Header Files\Components</Filter>
    </ClInclude>
    <ClInclude Include="Audio.h">
      <Filter>Header Files\Audio</Filter>
    </ClInclude>
    <ClInclude Include="Locator.h">
      <Filter>Header Files\Audio</Filter>
    </ClInclude>
    <ClInclude Include="Texture2D.h">
      <Filter>Header Files\GeneralPurp</Filter>
    </ClInclude>
    <ClInclude Include="TextObject.h">
      <Filter>Header Files\GeneralPurp</Filter>
    </ClInclude>
    <ClInclude Include="Singleton.h">
      <Filter>Header Files\GeneralPurp</Filter>
    </ClInclude>
    <ClInclude Include="SceneManager.h">
      <Filter>Header Files\GeneralPurp</Filter>
    </ClInclude>
    <ClInclude Include="Scene.h">
      <Filter>Header Files\GeneralPurp</Filter>
    </ClInclude>
    <ClInclude Include="Renderer.h">
      <Filter>Header Files\GeneralPurp</Filter>
    </ClInclude>
    <ClInclude Include="ResourceManager.h">
      <Filter>Header Files\GeneralPurp</Filter>
    </ClInclude>
    <ClInclude Include="Font.h">
      <Filter>Header Files\GeneralPurp</Filter>
    </ClInclude>
    <ClInclude Include="BinaryReader.h">
      <Filter>Header Files\GeneralPurp</Filter>
    </ClInclude>
    <ClInclude Include="BinaryWriter.h">
      <Filter>Header Files\GeneralPurp</Filter>
    </ClInclude>
    <ClInclude Include="GameObject.h">
      <Filter>Header Files\GameObject</Filter>
    </ClInclude>
    <ClInclude Include="SceneObject.h">
      <Filter>Header Files\GameObject</Filter>
    </ClInclude>
    <ClInclude Include="Transform.h">
      <Filter>Header Files\GameObject</Filter>
    </ClInclude>
    <ClInclude Include="BaseObserver.h">
      <Filter>Header Files</Filter>
    </ClInclude>
    <ClInclude Include="BaseSubject.h">
      <Filter>Header Files</Filter>
    </ClInclude>
    <ClInclude Include="Events.h">
      <Filter>Header Files</Filter>
    </ClInclude>
  </ItemGroup>
  <ItemGroup>
    <ClCompile Include="MiniginPCH.cpp">
      <Filter>Source Files</Filter>
    </ClCompile>
    <ClCompile Include="Log.cpp">
      <Filter>Source Files</Filter>
    </ClCompile>
    <ClCompile Include="Minigin.cpp">
      <Filter>Source Files</Filter>
    </ClCompile>
    <ClCompile Include="BaseComponent.cpp">
      <Filter>Source Files\Components</Filter>
    </ClCompile>
    <ClCompile Include="CollisionComponent.cpp">
      <Filter>Source Files\Components</Filter>
    </ClCompile>
    <ClCompile Include="FPSComponent.cpp">
      <Filter>Source Files\Components</Filter>
    </ClCompile>
    <ClCompile Include="InputComponent.cpp">
      <Filter>Source Files\Components</Filter>
    </ClCompile>
    <ClCompile Include="StateComponent.cpp">
      <Filter>Source Files\Components</Filter>
    </ClCompile>
    <ClCompile Include="TextureComponent.cpp">
      <Filter>Source Files\Components</Filter>
    </ClCompile>
    <ClCompile Include="BaseButton.cpp">
      <Filter>Source Files\Input</Filter>
    </ClCompile>
    <ClCompile Include="ControllerButton.cpp">
      <Filter>Source Files\Input</Filter>
    </ClCompile>
    <ClCompile Include="InputManager.cpp">
      <Filter>Source Files\Input</Filter>
    </ClCompile>
    <ClCompile Include="KeyboardButton.cpp">
      <Filter>Source Files\Input</Filter>
    </ClCompile>
    <ClCompile Include="ReleasedCommand.cpp">
      <Filter>Source Files\Input</Filter>
    </ClCompile>
    <ClCompile Include="Locator.cpp">
      <Filter>Source Files\Audio</Filter>
    </ClCompile>
    <ClCompile Include="BinaryReader.cpp">
      <Filter>Source Files\GeneralPurp</Filter>
    </ClCompile>
    <ClCompile Include="BinaryWriter.cpp">
      <Filter>Source Files\GeneralPurp</Filter>
    </ClCompile>
    <ClCompile Include="Font.cpp">
      <Filter>Source Files\GeneralPurp</Filter>
    </ClCompile>
    <ClCompile Include="Texture2D.cpp">
      <Filter>Source Files\GeneralPurp</Filter>
    </ClCompile>
    <ClCompile Include="TextObject.cpp">
      <Filter>Source Files\GeneralPurp</Filter>
    </ClCompile>
    <ClCompile Include="SceneManager.cpp">
      <Filter>Source Files\GeneralPurp</Filter>
    </ClCompile>
    <ClCompile Include="Scene.cpp">
      <Filter>Source Files\GeneralPurp</Filter>
    </ClCompile>
    <ClCompile Include="ResourceManager.cpp">
      <Filter>Source Files\GeneralPurp</Filter>
    </ClCompile>
    <ClCompile Include="Renderer.cpp">
      <Filter>Source Files\GeneralPurp</Filter>
    </ClCompile>
    <ClCompile Include="GameObject.cpp">
      <Filter>Source Files\GameObject</Filter>
    </ClCompile>
    <ClCompile Include="Transform.cpp">
      <Filter>Source Files\GameObject</Filter>
    </ClCompile>
    <ClCompile Include="BaseObserver.cpp">
      <Filter>Source Files</Filter>
    </ClCompile>
    <ClCompile Include="BaseSubject.cpp">
      <Filter>Source Files</Filter>
    </ClCompile>
  </ItemGroup>
</Project>